{
  "name": "public-agent-tools",
  "version": "1.0.0",
  "lockfileVersion": 2,
  "requires": true,
  "packages": {
    "": {
      "name": "public-agent-tools",
      "version": "1.0.0",
      "dependencies": {
        "@openai/codex": "0.159.2",
        "backlog.md": "1.53.0",
        "ccusage": "20.0.26"
      }
    },
    "node_modules/@ccusage/ccusage-darwin-arm64": {
      "version": "20.0.26",
      "resolved": "https://registry.npmjs.org/@ccusage/ccusage-darwin-arm64/-/ccusage-darwin-arm64-20.0.26.tgz",
      "integrity": "sha512-wc2Ed0elPARpRyfQkSrSXuX136yDEGOLkMqxQA/3gdNm+/hxgAN4fKeZsawFKelofLoCvWIy+QkUbSJ71BwNxw==",
      "cpu": [
        "arm64"
      ],
      "optional": true,
      "os": [
        "darwin"
      ]
    },
    "node_modules/@ccusage/ccusage-darwin-x64": {
      "version": "20.0.26",
      "resolved": "https://registry.npmjs.org/@ccusage/ccusage-darwin-x64/-/ccusage-darwin-x64-20.0.26.tgz",
      "integrity": "sha512-nka8clxB50Z1k+wcKTzV4oNpxin5z+9NmDqeF3VGk67s3occehKGDLFWeRsmDZERRC4uFzOc6GaqFt1bYLQjBw==",
      "cpu": [
        "x64"
      ],
      "optional": true,
      "os": [
        "darwin"
      ]
    },
    "node_modules/@ccusage/ccusage-linux-arm64": {
      "version": "20.0.26",
      "resolved": "https://registry.npmjs.org/@ccusage/ccusage-linux-arm64/-/ccusage-linux-arm64-20.0.26.tgz",
      "integrity": "sha512-R8/gdX+XNYVxH6ZPq3RtBJt8TU23BFMLaHXwgF+ZYZyi8qbHwofrQemgZflB2cKWYgz3ejXuS2U2ggqzqNW8rw==",
      "cpu": [
        "arm64"
      ],
      "optional": true,
      "os": [
        "linux"
      ]
    },
    "node_modules/@ccusage/ccusage-linux-x64": {
      "version": "20.0.26",
      "resolved": "https://registry.npmjs.org/@ccusage/ccusage-linux-x64/-/ccusage-linux-x64-20.0.26.tgz",
      "integrity": "sha512-46wa7ImMzejMUuo5pSI2uYml7jgE58TID2/QQS9YJO3BwI6woyti6cy3xtZk+TyG1HiyzeH8P+3r8hSVDaAvsg==",
      "cpu": [
        "x64"
      ],
      "optional": true,
      "os": [
        "linux"
      ]
    },
    "node_modules/@ccusage/ccusage-win32-arm64": {
      "version": "20.0.26",
      "resolved": "https://registry.npmjs.org/@ccusage/ccusage-win32-arm64/-/ccusage-win32-arm64-20.0.26.tgz",
      "integrity": "sha512-b8NhotspDebbi2Pm0YEnWgD7v0XDw362fpmFhkXMyCytSnjyRPLwYAvSNRsQv1Y3YLKoxNMZjYeD7uea2+rlMw==",
      "cpu": [
        "arm64"
      ],
      "optional": true,
      "os": [
        "win32"
      ]
    },
    "node_modules/@ccusage/ccusage-win32-x64": {
      "version": "20.0.26",
      "resolved": "https://registry.npmjs.org/@ccusage/ccusage-win32-x64/-/ccusage-win32-x64-20.0.26.tgz",
      "integrity": "sha512-YMmtsZn4QNDwjglTKI3dvIZIyfqNQjoMPvJRpt6EVcfNzP7z8+OdxYp6Vd8Zj1ZwjHkLKqQGLQnV9fLnt5n/2A==",
      "cpu": [
        "x64"
      ],
      "optional": true,
      "os": [
        "win32"
      ]
    },
    "node_modules/@openai/codex": {
      "version": "0.159.2",
      "resolved": "https://registry.npmjs.org/@openai/codex/-/codex-0.159.2.tgz",
      "integrity": "sha512-SE13C3nZCYoVL569BdegoOl6vwjb7o2sXOo7ivwVzaVoY0cswwi0/6pIE0TyO/C0vIkQh3jslExitET7PBTfIg==",
      "bin": {
        "codex": "bin/codex.js"
      },
      "engines": {
        "node": ">=16"
      },
      "optionalDependencies": {
        "@openai/codex-darwin-arm64": "npm:@openai/codex@0.159.2-darwin-arm64",
        "@openai/codex-darwin-x64": "npm:@openai/codex@0.159.2-darwin-x64",
        "@openai/codex-linux-arm64": "npm:@openai/codex@0.159.2-linux-arm64",
        "@openai/codex-linux-x64": "npm:@openai/codex@0.159.2-linux-x64",
        "@openai/codex-win32-arm64": "npm:@openai/codex@0.159.2-win32-arm64",
        "@openai/codex-win32-x64": "npm:@openai/codex@0.159.2-win32-x64"
      }
    },
    "node_modules/@openai/codex-darwin-arm64": {
      "name": "@openai/codex",
      "version": "0.159.2-darwin-arm64",
      "resolved": "https://registry.npmjs.org/@openai/codex/-/codex-0.159.2-darwin-arm64.tgz",
      "integrity": "sha512-7SPaPFU0tdqapQ5VEgrF+wb+p9dxfWfLMXMKZMRKoWPn/tLMajlMjYBBnu8o6VtaVH2DHQ6kpnp5TMkv5bqvrg==",
      "cpu": [
        "arm64"
      ],
      "optional": true,
      "os": [
        "darwin"
      ],
      "engines": {
        "node": ">=16"
      }
    },
    "node_modules/@openai/codex-darwin-x64": {
      "name": "@openai/codex",
      "version": "0.159.2-darwin-x64",
      "resolved": "https://registry.npmjs.org/@openai/codex/-/codex-0.159.2-darwin-x64.tgz",
      "integrity": "sha512-VPZGYHH2yVn8S3IuxJk38vxhBADJZp68IBL8hr4quJ2R7jM16l43TLCwRemN+1J27V/cs771fbx63aGRf5F8JA==",
      "cpu": [
        "x64"
      ],
      "optional": true,
      "os": [
        "darwin"
      ],
      "engines": {
        "node": ">=16"
      }
    },
    "node_modules/@openai/codex-linux-arm64": {
      "name": "@openai/codex",
      "version": "0.159.2-linux-arm64",
      "resolved": "https://registry.npmjs.org/@openai/codex/-/codex-0.159.2-linux-arm64.tgz",
      "integrity": "sha512-Pm0W2PnFeTEqPx+AOIwgOVB4dBtY24cuD0tx1hjCor60CbSAT7WBPZVNUINSrTCDrMndvQC67p71ZEz+gmPPkA==",
      "cpu": [
        "arm64"
      ],
      "optional": true,
      "os": [
        "linux"
      ],
      "engines": {
        "node": ">=16"
      }
    },
    "node_modules/@openai/codex-linux-x64": {
      "name": "@openai/codex",
      "version": "0.159.2-linux-x64",
      "resolved": "https://registry.npmjs.org/@openai/codex/-/codex-0.159.2-linux-x64.tgz",
      "integrity": "sha512-RrCZ1X52wpa1lOsXtCtSyhjOFdQPh7LH5Ccv8HsKmd/2UXbUwxXFqWXFK3JzatquUNGtW/TLox5Y7qVOGkV0/Q==",
      "cpu": [
        "x64"
      ],
      "optional": true,
      "os": [
        "linux"
      ],
      "engines": {
        "node": ">=16"
      }
    },
    "node_modules/@openai/codex-win32-arm64": {
      "name": "@openai/codex",
      "version": "0.159.2-win32-arm64",
      "resolved": "https://registry.npmjs.org/@openai/codex/-/codex-0.159.2-win32-arm64.tgz",
      "integrity": "sha512-8+xM4Wj2J38ieRse9kzbMRQQc2d+kvck2Zm2+gX2sth5RXPZQ1yqYhFmevHLC8IO73syk2xiIclH0qvoc97pgg==",
      "cpu": [
        "arm64"
      ],
      "optional": true,
      "os": [
        "win32"
      ],
      "engines": {
        "node": ">=16"
      }
    },
    "node_modules/@openai/codex-win32-x64": {
      "name": "@openai/codex",
      "version": "0.159.2-win32-x64",
      "resolved": "https://registry.npmjs.org/@openai/codex/-/codex-0.159.2-win32-x64.tgz",
      "integrity": "sha512-1ZJVTO40/ZaHPUUWc3uCX73jwzJRaDxAjRQEf37dC5Q3h1fp/Z7+1L8oX3bPlXgjhEY6kHW3rm0wz2sdQ5rxNw==",
      "cpu": [
        "x64"
      ],
      "optional": true,
      "os": [
        "win32"
      ],
      "engines": {
        "node": ">=16"
      }
    },
    "node_modules/backlog.md": {
      "version": "1.53.0",
      "resolved": "https://registry.npmjs.org/backlog.md/-/backlog.md-1.53.0.tgz",
      "integrity": "sha512-VfYdR7RGu+mgEpSbHpBfdsyHVlJ+d4DIRzixkmyLqsfgCk4pLPDRhNkbu6dU3UgLEbQfxKhDuXUIbN/RLyGk1A==",
      "license": "MIT",
      "bin": {
        "backlog": "cli.js"
      },
      "optionalDependencies": {
        "backlog.md-darwin-arm64": "1.53.0",
        "backlog.md-darwin-x64": "1.53.0",
        "backlog.md-linux-arm64": "1.53.0",
        "backlog.md-linux-x64": "1.53.0",
        "backlog.md-windows-arm64": "1.53.0",
        "backlog.md-windows-x64": "1.53.0"
      }
    },
    "node_modules/backlog.md-darwin-arm64": {
      "version": "1.53.0",
      "resolved": "https://registry.npmjs.org/backlog.md-darwin-arm64/-/backlog.md-darwin-arm64-1.53.0.tgz",
      "integrity": "sha512-NQT4XHXoeudV5rZ/JVe039eTJV3hKcCdnEZd6rI1GCuMFnSYY9t5NaiFk2f/OzJTJPcFanpVnKOGefLiPs37uw==",
      "cpu": [
        "arm64"
      ],
      "optional": true,
      "os": [
        "darwin"
      ]
    },
    "node_modules/backlog.md-darwin-x64": {
      "version": "1.53.0",
      "resolved": "https://registry.npmjs.org/backlog.md-darwin-x64/-/backlog.md-darwin-x64-1.53.0.tgz",
      "integrity": "sha512-fC0vCuhGfHFAvvDNRf1dN/7F3GdmbuSZGzMVVHKx0+To4cakLOwuqOUhPX5KIGXeK6minHBMPIxIJFFtae2xvA==",
      "cpu": [
        "x64"
      ],
      "optional": true,
      "os": [
        "darwin"
      ]
    },
    "node_modules/backlog.md-linux-arm64": {
      "version": "1.53.0",
      "resolved": "https://registry.npmjs.org/backlog.md-linux-arm64/-/backlog.md-linux-arm64-1.53.0.tgz",
      "integrity": "sha512-7EjAd91HexoteCYsz0jIKKMNxPaVg5gPv1LkcqHHiOpmCjmz3bDb02Wsk/VecPGeNFqFgpbpLyYI184UCCW0vA==",
      "cpu": [
        "arm64"
      ],
      "optional": true,
      "os": [
        "linux"
      ]
    },
    "node_modules/backlog.md-linux-x64": {
      "version": "1.53.0",
      "resolved": "https://registry.npmjs.org/backlog.md-linux-x64/-/backlog.md-linux-x64-1.53.0.tgz",
      "integrity": "sha512-EusW2vDzNjzKRaloJ3yPNgGwjqJ8Fow8aKdBRLZGs6+Pb1V9CREyhqOOia/H1OvQ86M74gjVBnnIpCDRrU0m8w==",
      "cpu": [
        "x64"
      ],
      "optional": true,
      "os": [
        "linux"
      ]
    },
    "node_modules/backlog.md-windows-arm64": {
      "version": "1.53.0",
      "resolved": "https://registry.npmjs.org/backlog.md-windows-arm64/-/backlog.md-windows-arm64-1.53.0.tgz",
      "integrity": "sha512-ia0gxBfewMhQSaGprz8DH1FA3iel3OqbEjngdZDKjfQrMNk8gqkmDUM3hQr1IMOXsq/YbteRQhdlHpCLUgLBoA==",
      "cpu": [
        "arm64"
      ],
      "optional": true,
      "os": [
        "win32"
      ]
    },
    "node_modules/backlog.md-windows-x64": {
      "version": "1.53.0",
      "resolved": "https://registry.npmjs.org/backlog.md-windows-x64/-/backlog.md-windows-x64-1.53.0.tgz",
      "integrity": "sha512-EzNL6Rx/DA6Hnq52wNAP78MTAK23xpBi2aAqMqObW3LhjhefG3h4M5SjTSUkizbH2FyvYsZlahlYJFdxUpz31g==",
      "cpu": [
        "x64"
      ],
      "optional": true,
      "os": [
        "win32"
      ]
    },
    "node_modules/ccusage": {
      "version": "20.0.26",
      "resolved": "https://registry.npmjs.org/ccusage/-/ccusage-20.0.26.tgz",
      "integrity": "sha512-46TTmFKcuNyWbtqj8HZqWTmVQIsApvGO4xP+E2VL5NC/oMjdtHOv9svVTsHX1WQgetbNOV4GdvQGHLG22vXZgg==",
      "bin": {
        "ccusage": "src/cli.js"
      },
      "funding": {
        "url": "https://github.com/sponsors/ryoppippi"
      },
      "optionalDependencies": {
        "@ccusage/ccusage-darwin-arm64": "20.0.26",
        "@ccusage/ccusage-darwin-x64": "20.0.26",
        "@ccusage/ccusage-linux-arm64": "20.0.26",
        "@ccusage/ccusage-linux-x64": "20.0.26",
        "@ccusage/ccusage-win32-arm64": "20.0.26",
        "@ccusage/ccusage-win32-x64": "20.0.26"
      }
    }
  },
  "dependencies": {
    "@ccusage/ccusage-darwin-arm64": {
      "version": "20.0.26",
      "resolved": "https://registry.npmjs.org/@ccusage/ccusage-darwin-arm64/-/ccusage-darwin-arm64-20.0.26.tgz",
      "integrity": "sha512-wc2Ed0elPARpRyfQkSrSXuX136yDEGOLkMqxQA/3gdNm+/hxgAN4fKeZsawFKelofLoCvWIy+QkUbSJ71BwNxw==",
      "optional": true
    },
    "@ccusage/ccusage-darwin-x64": {
      "version": "20.0.26",
      "resolved": "https://registry.npmjs.org/@ccusage/ccusage-darwin-x64/-/ccusage-darwin-x64-20.0.26.tgz",
      "integrity": "sha512-nka8clxB50Z1k+wcKTzV4oNpxin5z+9NmDqeF3VGk67s3occehKGDLFWeRsmDZERRC4uFzOc6GaqFt1bYLQjBw==",
      "optional": true
    },
    "@ccusage/ccusage-linux-arm64": {
      "version": "20.0.26",
      "resolved": "https://registry.npmjs.org/@ccusage/ccusage-linux-arm64/-/ccusage-linux-arm64-20.0.26.tgz",
      "integrity": "sha512-R8/gdX+XNYVxH6ZPq3RtBJt8TU23BFMLaHXwgF+ZYZyi8qbHwofrQemgZflB2cKWYgz3ejXuS2U2ggqzqNW8rw==",
      "optional": true
    },
    "@ccusage/ccusage-linux-x64": {
      "version": "20.0.26",
      "resolved": "https://registry.npmjs.org/@ccusage/ccusage-linux-x64/-/ccusage-linux-x64-20.0.26.tgz",
      "integrity": "sha512-46wa7ImMzejMUuo5pSI2uYml7jgE58TID2/QQS9YJO3BwI6woyti6cy3xtZk+TyG1HiyzeH8P+3r8hSVDaAvsg==",
      "optional": true
    },
    "@ccusage/ccusage-win32-arm64": {
      "version": "20.0.26",
      "resolved": "https://registry.npmjs.org/@ccusage/ccusage-win32-arm64/-/ccusage-win32-arm64-20.0.26.tgz",
      "integrity": "sha512-b8NhotspDebbi2Pm0YEnWgD7v0XDw362fpmFhkXMyCytSnjyRPLwYAvSNRsQv1Y3YLKoxNMZjYeD7uea2+rlMw==",
      "optional": true
    },
    "@ccusage/ccusage-win32-x64": {
      "version": "20.0.26",
      "resolved": "https://registry.npmjs.org/@ccusage/ccusage-win32-x64/-/ccusage-win32-x64-20.0.26.tgz",
      "integrity": "sha512-YMmtsZn4QNDwjglTKI3dvIZIyfqNQjoMPvJRpt6EVcfNzP7z8+OdxYp6Vd8Zj1ZwjHkLKqQGLQnV9fLnt5n/2A==",
      "optional": true
    },
    "@openai/codex": {
      "version": "0.159.2",
      "resolved": "https://registry.npmjs.org/@openai/codex/-/codex-0.159.2.tgz",
      "integrity": "sha512-SE13C3nZCYoVL569BdegoOl6vwjb7o2sXOo7ivwVzaVoY0cswwi0/6pIE0TyO/C0vIkQh3jslExitET7PBTfIg==",
      "requires": {
        "@openai/codex-darwin-arm64": "npm:@openai/codex@0.159.2-darwin-arm64",
        "@openai/codex-darwin-x64": "npm:@openai/codex@0.159.2-darwin-x64",
        "@openai/codex-linux-arm64": "npm:@openai/codex@0.159.2-linux-arm64",
        "@openai/codex-linux-x64": "npm:@openai/codex@0.159.2-linux-x64",
        "@openai/codex-win32-arm64": "npm:@openai/codex@0.159.2-win32-arm64",
        "@openai/codex-win32-x64": "npm:@openai/codex@0.159.2-win32-x64"
      }
    },
    "@openai/codex-darwin-arm64": {
      "version": "npm:@openai/codex@0.159.2-darwin-arm64",
      "resolved": "https://registry.npmjs.org/@openai/codex/-/codex-0.159.2-darwin-arm64.tgz",
      "integrity": "sha512-7SPaPFU0tdqapQ5VEgrF+wb+p9dxfWfLMXMKZMRKoWPn/tLMajlMjYBBnu8o6VtaVH2DHQ6kpnp5TMkv5bqvrg==",
      "optional": true
    },
    "@openai/codex-darwin-x64": {
      "version": "npm:@openai/codex@0.159.2-darwin-x64",
      "resolved": "https://registry.npmjs.org/@openai/codex/-/codex-0.159.2-darwin-x64.tgz",
      "integrity": "sha512-VPZGYHH2yVn8S3IuxJk38vxhBADJZp68IBL8hr4quJ2R7jM16l43TLCwRemN+1J27V/cs771fbx63aGRf5F8JA==",
      "optional": true
    },
    "@openai/codex-linux-arm64": {
      "version": "npm:@openai/codex@0.159.2-linux-arm64",
      "resolved": "https://registry.npmjs.org/@openai/codex/-/codex-0.159.2-linux-arm64.tgz",
      "integrity": "sha512-Pm0W2PnFeTEqPx+AOIwgOVB4dBtY24cuD0tx1hjCor60CbSAT7WBPZVNUINSrTCDrMndvQC67p71ZEz+gmPPkA==",
      "optional": true
    },
    "@openai/codex-linux-x64": {
      "version": "npm:@openai/codex@0.159.2-linux-x64",
      "resolved": "https://registry.npmjs.org/@openai/codex/-/codex-0.159.2-linux-x64.tgz",
      "integrity": "sha512-RrCZ1X52wpa1lOsXtCtSyhjOFdQPh7LH5Ccv8HsKmd/2UXbUwxXFqWXFK3JzatquUNGtW/TLox5Y7qVOGkV0/Q==",
      "optional": true
    },
    "@openai/codex-win32-arm64": {
      "version": "npm:@openai/codex@0.159.2-win32-arm64",
      "resolved": "https://registry.npmjs.org/@openai/codex/-/codex-0.159.2-win32-arm64.tgz",
      "integrity": "sha512-8+xM4Wj2J38ieRse9kzbMRQQc2d+kvck2Zm2+gX2sth5RXPZQ1yqYhFmevHLC8IO73syk2xiIclH0qvoc97pgg==",
      "optional": true
    },
    "@openai/codex-win32-x64": {
      "version": "npm:@openai/codex@0.159.2-win32-x64",
      "resolved": "https://registry.npmjs.org/@openai/codex/-/codex-0.159.2-win32-x64.tgz",
      "integrity": "sha512-1ZJVTO40/ZaHPUUWc3uCX73jwzJRaDxAjRQEf37dC5Q3h1fp/Z7+1L8oX3bPlXgjhEY6kHW3rm0wz2sdQ5rxNw==",
      "optional": true
    },
    "backlog.md": {
      "version": "1.53.0",
      "resolved": "https://registry.npmjs.org/backlog.md/-/backlog.md-1.53.0.tgz",
      "integrity": "sha512-VfYdR7RGu+mgEpSbHpBfdsyHVlJ+d4DIRzixkmyLqsfgCk4pLPDRhNkbu6dU3UgLEbQfxKhDuXUIbN/RLyGk1A==",
      "requires": {
        "backlog.md-darwin-arm64": "1.53.0",
        "backlog.md-darwin-x64": "1.53.0",
        "backlog.md-linux-arm64": "1.53.0",
        "backlog.md-linux-x64": "1.53.0",
        "backlog.md-windows-arm64": "1.53.0",
        "backlog.md-windows-x64": "1.53.0"
      }
    },
    "backlog.md-darwin-arm64": {
      "version": "1.53.0",
      "resolved": "https://registry.npmjs.org/backlog.md-darwin-arm64/-/backlog.md-darwin-arm64-1.53.0.tgz",
      "integrity": "sha512-NQT4XHXoeudV5rZ/JVe039eTJV3hKcCdnEZd6rI1GCuMFnSYY9t5NaiFk2f/OzJTJPcFanpVnKOGefLiPs37uw==",
      "optional": true
    },
    "backlog.md-darwin-x64": {
      "version": "1.53.0",
      "resolved": "https://registry.npmjs.org/backlog.md-darwin-x64/-/backlog.md-darwin-x64-1.53.0.tgz",
      "integrity": "sha512-fC0vCuhGfHFAvvDNRf1dN/7F3GdmbuSZGzMVVHKx0+To4cakLOwuqOUhPX5KIGXeK6minHBMPIxIJFFtae2xvA==",
      "optional": true
    },
    "backlog.md-linux-arm64": {
      "version": "1.53.0",
      "resolved": "https://registry.npmjs.org/backlog.md-linux-arm64/-/backlog.md-linux-arm64-1.53.0.tgz",
      "integrity": "sha512-7EjAd91HexoteCYsz0jIKKMNxPaVg5gPv1LkcqHHiOpmCjmz3bDb02Wsk/VecPGeNFqFgpbpLyYI184UCCW0vA==",
      "optional": true
    },
    "backlog.md-linux-x64": {
      "version": "1.53.0",
      "resolved": "https://registry.npmjs.org/backlog.md-linux-x64/-/backlog.md-linux-x64-1.53.0.tgz",
      "integrity": "sha512-EusW2vDzNjzKRaloJ3yPNgGwjqJ8Fow8aKdBRLZGs6+Pb1V9CREyhqOOia/H1OvQ86M74gjVBnnIpCDRrU0m8w==",
      "optional": true
    },
    "backlog.md-windows-arm64": {
      "version": "1.53.0",
      "resolved": "https://registry.npmjs.org/backlog.md-windows-arm64/-/backlog.md-windows-arm64-1.53.0.tgz",
      "integrity": "sha512-ia0gxBfewMhQSaGprz8DH1FA3iel3OqbEjngdZDKjfQrMNk8gqkmDUM3hQr1IMOXsq/YbteRQhdlHpCLUgLBoA==",
      "optional": true
    },
    "backlog.md-windows-x64": {
      "version": "1.53.0",
      "resolved": "https://registry.npmjs.org/backlog.md-windows-x64/-/backlog.md-windows-x64-1.53.0.tgz",
      "integrity": "sha512-EzNL6Rx/DA6Hnq52wNAP78MTAK23xpBi2aAqMqObW3LhjhefG3h4M5SjTSUkizbH2FyvYsZlahlYJFdxUpz31g==",
      "optional": true
    },
    "ccusage": {
      "version": "20.0.26",
      "resolved": "https://registry.npmjs.org/ccusage/-/ccusage-20.0.26.tgz",
      "integrity": "sha512-46TTmFKcuNyWbtqj8HZqWTmVQIsApvGO4xP+E2VL5NC/oMjdtHOv9svVTsHX1WQgetbNOV4GdvQGHLG22vXZgg==",
      "requires": {
        "@ccusage/ccusage-darwin-arm64": "20.0.26",
        "@ccusage/ccusage-darwin-x64": "20.0.26",
        "@ccusage/ccusage-linux-arm64": "20.0.26",
        "@ccusage/ccusage-linux-x64": "20.0.26",
        "@ccusage/ccusage-win32-arm64": "20.0.26",
        "@ccusage/ccusage-win32-x64": "20.0.26"
      }
    }
  }
}
